// !$*UTF8*$!
{
	archiveVersion = 1;
	classes = {
	};
	objectVersion = 46;
	objects = {

/* Begin PBXBuildFile section */
		44BB6B30770C8D41144FCB9E /* libPods-GitHubNotifications.a in Frameworks */ = {isa = PBXBuildFile; fileRef = 8C4FCAF87D505E39DFBDB460 /* libPods-GitHubNotifications.a */; };
		5027B4651DE927F500AE7D03 /* UIView+ViewFrameGeometry.m in Sources */ = {isa = PBXBuildFile; fileRef = 5027B4631DE927F500AE7D03 /* UIView+ViewFrameGeometry.m */; };
		5027B4661DE927F500AE7D03 /* UIView+ViewFrameGeometry.m in Sources */ = {isa = PBXBuildFile; fileRef = 5027B4631DE927F500AE7D03 /* UIView+ViewFrameGeometry.m */; };
		5027B46A1DE9322300AE7D03 /* SCFollowerAndStarManager.m in Sources */ = {isa = PBXBuildFile; fileRef = 5027B4691DE9322300AE7D03 /* SCFollowerAndStarManager.m */; };
		5027B46B1DE9322300AE7D03 /* SCFollowerAndStarManager.m in Sources */ = {isa = PBXBuildFile; fileRef = 5027B4691DE9322300AE7D03 /* SCFollowerAndStarManager.m */; };
		5027B46E1DE9854000AE7D03 /* SCStarGraphView.m in Sources */ = {isa = PBXBuildFile; fileRef = 5027B46D1DE9854000AE7D03 /* SCStarGraphView.m */; };
		5027B46F1DE9854000AE7D03 /* SCStarGraphView.m in Sources */ = {isa = PBXBuildFile; fileRef = 5027B46D1DE9854000AE7D03 /* SCStarGraphView.m */; };
		5027B4731DE9856C00AE7D03 /* SCNetworkManager.m in Sources */ = {isa = PBXBuildFile; fileRef = 5027B4721DE9856C00AE7D03 /* SCNetworkManager.m */; };
		5027B4741DE9856C00AE7D03 /* SCNetworkManager.m in Sources */ = {isa = PBXBuildFile; fileRef = 5027B4721DE9856C00AE7D03 /* SCNetworkManager.m */; };
		5027B47D1DE9C82300AE7D03 /* GithubAuthController.m in Sources */ = {isa = PBXBuildFile; fileRef = 5027B4781DE9C82300AE7D03 /* GithubAuthController.m */; };
		5027B47E1DE9C82300AE7D03 /* GithubAuthenticatorView.m in Sources */ = {isa = PBXBuildFile; fileRef = 5027B47A1DE9C82300AE7D03 /* GithubAuthenticatorView.m */; };
		5027B47F1DE9C82300AE7D03 /* NSDictionary+UrlEncoding.m in Sources */ = {isa = PBXBuildFile; fileRef = 5027B47C1DE9C82300AE7D03 /* NSDictionary+UrlEncoding.m */; };
		5027B4861DEA709A00AE7D03 /* SCDefaultsManager.m in Sources */ = {isa = PBXBuildFile; fileRef = 5027B4851DEA709A00AE7D03 /* SCDefaultsManager.m */; };
		5027B4871DEA712600AE7D03 /* SCDefaultsManager.m in Sources */ = {isa = PBXBuildFile; fileRef = 5027B4851DEA709A00AE7D03 /* SCDefaultsManager.m */; };
		5027B48C1DEACC5D00AE7D03 /* SCStar.m in Sources */ = {isa = PBXBuildFile; fileRef = 5027B48B1DEACC5D00AE7D03 /* SCStar.m */; };
		5027B48D1DEACC5D00AE7D03 /* SCStar.m in Sources */ = {isa = PBXBuildFile; fileRef = 5027B48B1DEACC5D00AE7D03 /* SCStar.m */; };
		5027B4901DEACC6D00AE7D03 /* SCFollower.m in Sources */ = {isa = PBXBuildFile; fileRef = 5027B48F1DEACC6D00AE7D03 /* SCFollower.m */; };
		5027B4911DEACC6D00AE7D03 /* SCFollower.m in Sources */ = {isa = PBXBuildFile; fileRef = 5027B48F1DEACC6D00AE7D03 /* SCFollower.m */; };
		507501671DEC5FC0000636F1 /* UserNotifications.framework in Frameworks */ = {isa = PBXBuildFile; fileRef = 507501661DEC5FC0000636F1 /* UserNotifications.framework */; };
		507501681DEC6B6C000636F1 /* UserNotifications.framework in Frameworks */ = {isa = PBXBuildFile; fileRef = 507501661DEC5FC0000636F1 /* UserNotifications.framework */; };
		5075016D1DED4CDD000636F1 /* SCHelpView.m in Sources */ = {isa = PBXBuildFile; fileRef = 5075016C1DED4CDD000636F1 /* SCHelpView.m */; };
		507666F91DE88FFC004291F8 /* main.m in Sources */ = {isa = PBXBuildFile; fileRef = 507666F81DE88FFC004291F8 /* main.m */; };
		507666FC1DE88FFC004291F8 /* AppDelegate.m in Sources */ = {isa = PBXBuildFile; fileRef = 507666FB1DE88FFC004291F8 /* AppDelegate.m */; };
		507667021DE88FFC004291F8 /* Main.storyboard in Resources */ = {isa = PBXBuildFile; fileRef = 507667001DE88FFC004291F8 /* Main.storyboard */; };
		507667041DE88FFC004291F8 /* Assets.xcassets in Resources */ = {isa = PBXBuildFile; fileRef = 507667031DE88FFC004291F8 /* Assets.xcassets */; };
		507667071DE88FFC004291F8 /* LaunchScreen.storyboard in Resources */ = {isa = PBXBuildFile; fileRef = 507667051DE88FFC004291F8 /* LaunchScreen.storyboard */; };
		50BEB9A31DE892BB005A06B8 /* SCMainViewController.m in Sources */ = {isa = PBXBuildFile; fileRef = 50BEB9A21DE892BB005A06B8 /* SCMainViewController.m */; };
		50BEB9A61DE898E0005A06B8 /* Reachability.m in Sources */ = {isa = PBXBuildFile; fileRef = 50BEB9A51DE898E0005A06B8 /* Reachability.m */; };
		50D7C8ED1DE920A800927FB9 /* NotificationCenter.framework in Frameworks */ = {isa = PBXBuildFile; fileRef = 50D7C8EC1DE920A800927FB9 /* NotificationCenter.framework */; };
		50D7C8F11DE920A800927FB9 /* TodayViewController.m in Sources */ = {isa = PBXBuildFile; fileRef = 50D7C8F01DE920A800927FB9 /* TodayViewController.m */; };
		50D7C8F41DE920A800927FB9 /* MainInterface.storyboard in Resources */ = {isa = PBXBuildFile; fileRef = 50D7C8F21DE920A800927FB9 /* MainInterface.storyboard */; };
		50D7C8F81DE920A800927FB9 /* GitHubNotificationTodayExtension.appex in Embed App Extensions */ = {isa = PBXBuildFile; fileRef = 50D7C8EB1DE920A800927FB9 /* GitHubNotificationTodayExtension.appex */; settings = {ATTRIBUTES = (RemoveHeadersOnCopy, ); }; };
		50D7C9001DE922A000927FB9 /* SCGraphView.m in Sources */ = {isa = PBXBuildFile; fileRef = 50D7C8FF1DE922A000927FB9 /* SCGraphView.m */; };
		50D7C9041DE9230600927FB9 /* SCItemView.m in Sources */ = {isa = PBXBuildFile; fileRef = 50D7C9031DE9230600927FB9 /* SCItemView.m */; };
		7BB1ECB1C1F34380DB65FE0C /* libPods-GitHubNotificationTodayExtension.a in Frameworks */ = {isa = PBXBuildFile; fileRef = B066974D1D1B95A12C59CDF8 /* libPods-GitHubNotificationTodayExtension.a */; };
/* End PBXBuildFile section */

/* Begin PBXContainerItemProxy section */
		50D7C8F61DE920A800927FB9 /* PBXContainerItemProxy */ = {
			isa = PBXContainerItemProxy;
			containerPortal = 507666EC1DE88FFC004291F8 /* Project object */;
			proxyType = 1;
			remoteGlobalIDString = 50D7C8EA1DE920A800927FB9;
			remoteInfo = GitHubNotificationTodayExtension;
		};
/* End PBXContainerItemProxy section */

/* Begin PBXCopyFilesBuildPhase section */
		50D7C8FC1DE920A800927FB9 /* Embed App Extensions */ = {
			isa = PBXCopyFilesBuildPhase;
			buildActionMask = 2147483647;
			dstPath = "";
			dstSubfolderSpec = 13;
			files = (
				50D7C8F81DE920A800927FB9 /* GitHubNotificationTodayExtension.appex in Embed App Extensions */,
			);
			name = "Embed App Extensions";
			runOnlyForDeploymentPostprocessing = 0;
		};
/* End PBXCopyFilesBuildPhase section */

/* Begin PBXFileReference section */
		5027B4631DE927F500AE7D03 /* UIView+ViewFrameGeometry.m */ = {isa = PBXFileReference; fileEncoding = 4; lastKnownFileType = sourcecode.c.objc; path = "UIView+ViewFrameGeometry.m"; sourceTree = "<group>"; };
		5027B4641DE927F500AE7D03 /* UIView+ViewFrameGeometry.h */ = {isa = PBXFileReference; fileEncoding = 4; lastKnownFileType = sourcecode.c.h; path = "UIView+ViewFrameGeometry.h"; sourceTree = "<group>"; };
		5027B4681DE9322300AE7D03 /* SCFollowerAndStarManager.h */ = {isa = PBXFileReference; fileEncoding = 4; lastKnownFileType = sourcecode.c.h; path = SCFollowerAndStarManager.h; sourceTree = "<group>"; };
		5027B4691DE9322300AE7D03 /* SCFollowerAndStarManager.m */ = {isa = PBXFileReference; fileEncoding = 4; lastKnownFileType = sourcecode.c.objc; path = SCFollowerAndStarManager.m; sourceTree = "<group>"; };
		5027B46C1DE9854000AE7D03 /* SCStarGraphView.h */ = {isa = PBXFileReference; fileEncoding = 4; lastKnownFileType = sourcecode.c.h; path = SCStarGraphView.h; sourceTree = "<group>"; };
		5027B46D1DE9854000AE7D03 /* SCStarGraphView.m */ = {isa = PBXFileReference; fileEncoding = 4; lastKnownFileType = sourcecode.c.objc; path = SCStarGraphView.m; sourceTree = "<group>"; };
		5027B4711DE9856C00AE7D03 /* SCNetworkManager.h */ = {isa = PBXFileReference; fileEncoding = 4; lastKnownFileType = sourcecode.c.h; path = SCNetworkManager.h; sourceTree = "<group>"; };
		5027B4721DE9856C00AE7D03 /* SCNetworkManager.m */ = {isa = PBXFileReference; fileEncoding = 4; lastKnownFileType = sourcecode.c.objc; path = SCNetworkManager.m; sourceTree = "<group>"; };
		5027B4771DE9C82300AE7D03 /* GithubAuthController.h */ = {isa = PBXFileReference; fileEncoding = 4; lastKnownFileType = sourcecode.c.h; path = GithubAuthController.h; sourceTree = "<group>"; };
		5027B4781DE9C82300AE7D03 /* GithubAuthController.m */ = {isa = PBXFileReference; fileEncoding = 4; lastKnownFileType = sourcecode.c.objc; path = GithubAuthController.m; sourceTree = "<group>"; };
		5027B4791DE9C82300AE7D03 /* GithubAuthenticatorView.h */ = {isa = PBXFileReference; fileEncoding = 4; lastKnownFileType = sourcecode.c.h; path = GithubAuthenticatorView.h; sourceTree = "<group>"; };
		5027B47A1DE9C82300AE7D03 /* GithubAuthenticatorView.m */ = {isa = PBXFileReference; fileEncoding = 4; lastKnownFileType = sourcecode.c.objc; path = GithubAuthenticatorView.m; sourceTree = "<group>"; };
		5027B47B1DE9C82300AE7D03 /* NSDictionary+UrlEncoding.h */ = {isa = PBXFileReference; fileEncoding = 4; lastKnownFileType = sourcecode.c.h; path = "NSDictionary+UrlEncoding.h"; sourceTree = "<group>"; };
		5027B47C1DE9C82300AE7D03 /* NSDictionary+UrlEncoding.m */ = {isa = PBXFileReference; fileEncoding = 4; lastKnownFileType = sourcecode.c.objc; path = "NSDictionary+UrlEncoding.m"; sourceTree = "<group>"; };
		5027B4831DE9C84400AE7D03 /* Defines.h */ = {isa = PBXFileReference; fileEncoding = 4; lastKnownFileType = sourcecode.c.h; path = Defines.h; sourceTree = "<group>"; };
		5027B4841DEA709A00AE7D03 /* SCDefaultsManager.h */ = {isa = PBXFileReference; fileEncoding = 4; lastKnownFileType = sourcecode.c.h; path = SCDefaultsManager.h; sourceTree = "<group>"; };
		5027B4851DEA709A00AE7D03 /* SCDefaultsManager.m */ = {isa = PBXFileReference; fileEncoding = 4; lastKnownFileType = sourcecode.c.objc; path = SCDefaultsManager.m; sourceTree = "<group>"; };
		5027B4881DEA74E500AE7D03 /* GitHubNotificationTodayExtension.entitlements */ = {isa = PBXFileReference; lastKnownFileType = text.plist.entitlements; path = GitHubNotificationTodayExtension.entitlements; sourceTree = "<group>"; };
		5027B4891DEA757400AE7D03 /* GitHubNotifications.entitlements */ = {isa = PBXFileReference; lastKnownFileType = text.plist.entitlements; path = GitHubNotifications.entitlements; sourceTree = "<group>"; };
		5027B48A1DEACC5D00AE7D03 /* SCStar.h */ = {isa = PBXFileReference; fileEncoding = 4; lastKnownFileType = sourcecode.c.h; path = SCStar.h; sourceTree = "<group>"; };
		5027B48B1DEACC5D00AE7D03 /* SCStar.m */ = {isa = PBXFileReference; fileEncoding = 4; lastKnownFileType = sourcecode.c.objc; path = SCStar.m; sourceTree = "<group>"; };
		5027B48E1DEACC6D00AE7D03 /* SCFollower.h */ = {isa = PBXFileReference; fileEncoding = 4; lastKnownFileType = sourcecode.c.h; path = SCFollower.h; sourceTree = "<group>"; };
		5027B48F1DEACC6D00AE7D03 /* SCFollower.m */ = {isa = PBXFileReference; fileEncoding = 4; lastKnownFileType = sourcecode.c.objc; path = SCFollower.m; sourceTree = "<group>"; };
		507501661DEC5FC0000636F1 /* UserNotifications.framework */ = {isa = PBXFileReference; lastKnownFileType = wrapper.framework; name = UserNotifications.framework; path = System/Library/Frameworks/UserNotifications.framework; sourceTree = SDKROOT; };
		5075016B1DED4CDD000636F1 /* SCHelpView.h */ = {isa = PBXFileReference; fileEncoding = 4; lastKnownFileType = sourcecode.c.h; path = SCHelpView.h; sourceTree = "<group>"; };
		5075016C1DED4CDD000636F1 /* SCHelpView.m */ = {isa = PBXFileReference; fileEncoding = 4; lastKnownFileType = sourcecode.c.objc; path = SCHelpView.m; sourceTree = "<group>"; };
		507666F41DE88FFC004291F8 /* GitHubNotifications.app */ = {isa = PBXFileReference; explicitFileType = wrapper.application; includeInIndex = 0; path = GitHubNotifications.app; sourceTree = BUILT_PRODUCTS_DIR; };
		507666F81DE88FFC004291F8 /* main.m */ = {isa = PBXFileReference; lastKnownFileType = sourcecode.c.objc; path = main.m; sourceTree = "<group>"; };
		507666FA1DE88FFC004291F8 /* AppDelegate.h */ = {isa = PBXFileReference; lastKnownFileType = sourcecode.c.h; path = AppDelegate.h; sourceTree = "<group>"; };
		507666FB1DE88FFC004291F8 /* AppDelegate.m */ = {isa = PBXFileReference; lastKnownFileType = sourcecode.c.objc; path = AppDelegate.m; sourceTree = "<group>"; };
		507667011DE88FFC004291F8 /* Base */ = {isa = PBXFileReference; lastKnownFileType = file.storyboard; name = Base; path = Base.lproj/Main.storyboard; sourceTree = "<group>"; };
		507667031DE88FFC004291F8 /* Assets.xcassets */ = {isa = PBXFileReference; lastKnownFileType = folder.assetcatalog; path = Assets.xcassets; sourceTree = "<group>"; };
		507667061DE88FFC004291F8 /* Base */ = {isa = PBXFileReference; lastKnownFileType = file.storyboard; name = Base; path = Base.lproj/LaunchScreen.storyboard; sourceTree = "<group>"; };
		507667081DE88FFC004291F8 /* Info.plist */ = {isa = PBXFileReference; lastKnownFileType = text.plist.xml; path = Info.plist; sourceTree = "<group>"; };
		50BEB9A11DE892BB005A06B8 /* SCMainViewController.h */ = {isa = PBXFileReference; fileEncoding = 4; lastKnownFileType = sourcecode.c.h; name = SCMainViewController.h; path = ViewControllers/SCMainViewController.h; sourceTree = "<group>"; };
		50BEB9A21DE892BB005A06B8 /* SCMainViewController.m */ = {isa = PBXFileReference; fileEncoding = 4; lastKnownFileType = sourcecode.c.objc; name = SCMainViewController.m; path = ViewControllers/SCMainViewController.m; sourceTree = "<group>"; };
		50BEB9A41DE898E0005A06B8 /* Reachability.h */ = {isa = PBXFileReference; fileEncoding = 4; lastKnownFileType = sourcecode.c.h; path = Reachability.h; sourceTree = "<group>"; };
		50BEB9A51DE898E0005A06B8 /* Reachability.m */ = {isa = PBXFileReference; fileEncoding = 4; lastKnownFileType = sourcecode.c.objc; path = Reachability.m; sourceTree = "<group>"; };
		50D7C8EB1DE920A800927FB9 /* GitHubNotificationTodayExtension.appex */ = {isa = PBXFileReference; explicitFileType = "wrapper.app-extension"; includeInIndex = 0; path = GitHubNotificationTodayExtension.appex; sourceTree = BUILT_PRODUCTS_DIR; };
		50D7C8EC1DE920A800927FB9 /* NotificationCenter.framework */ = {isa = PBXFileReference; lastKnownFileType = wrapper.framework; name = NotificationCenter.framework; path = System/Library/Frameworks/NotificationCenter.framework; sourceTree = SDKROOT; };
		50D7C8EF1DE920A800927FB9 /* TodayViewController.h */ = {isa = PBXFileReference; lastKnownFileType = sourcecode.c.h; path = TodayViewController.h; sourceTree = "<group>"; };
		50D7C8F01DE920A800927FB9 /* TodayViewController.m */ = {isa = PBXFileReference; lastKnownFileType = sourcecode.c.objc; path = TodayViewController.m; sourceTree = "<group>"; };
		50D7C8F31DE920A800927FB9 /* Base */ = {isa = PBXFileReference; lastKnownFileType = file.storyboard; name = Base; path = Base.lproj/MainInterface.storyboard; sourceTree = "<group>"; };
		50D7C8F51DE920A800927FB9 /* Info.plist */ = {isa = PBXFileReference; lastKnownFileType = text.plist.xml; path = Info.plist; sourceTree = "<group>"; };
		50D7C8FE1DE922A000927FB9 /* SCGraphView.h */ = {isa = PBXFileReference; fileEncoding = 4; lastKnownFileType = sourcecode.c.h; path = SCGraphView.h; sourceTree = "<group>"; };
		50D7C8FF1DE922A000927FB9 /* SCGraphView.m */ = {isa = PBXFileReference; fileEncoding = 4; lastKnownFileType = sourcecode.c.objc; path = SCGraphView.m; sourceTree = "<group>"; };
		50D7C9021DE9230600927FB9 /* SCItemView.h */ = {isa = PBXFileReference; fileEncoding = 4; lastKnownFileType = sourcecode.c.h; path = SCItemView.h; sourceTree = "<group>"; };
		50D7C9031DE9230600927FB9 /* SCItemView.m */ = {isa = PBXFileReference; fileEncoding = 4; lastKnownFileType = sourcecode.c.objc; path = SCItemView.m; sourceTree = "<group>"; };
		67771657903971DE2A1A9D3F /* Pods-GitHubNotifications.debug.xcconfig */ = {isa = PBXFileReference; includeInIndex = 1; lastKnownFileType = text.xcconfig; name = "Pods-GitHubNotifications.debug.xcconfig"; path = "Pods/Target Support Files/Pods-GitHubNotifications/Pods-GitHubNotifications.debug.xcconfig"; sourceTree = "<group>"; };
		8C4FCAF87D505E39DFBDB460 /* libPods-GitHubNotifications.a */ = {isa = PBXFileReference; explicitFileType = archive.ar; includeInIndex = 0; path = "libPods-GitHubNotifications.a"; sourceTree = BUILT_PRODUCTS_DIR; };
		B066974D1D1B95A12C59CDF8 /* libPods-GitHubNotificationTodayExtension.a */ = {isa = PBXFileReference; explicitFileType = archive.ar; includeInIndex = 0; path = "libPods-GitHubNotificationTodayExtension.a"; sourceTree = BUILT_PRODUCTS_DIR; };
		CD99934346C3A35480DFFB1A /* Pods-GitHubNotificationTodayExtension.release.xcconfig */ = {isa = PBXFileReference; includeInIndex = 1; lastKnownFileType = text.xcconfig; name = "Pods-GitHubNotificationTodayExtension.release.xcconfig"; path = "Pods/Target Support Files/Pods-GitHubNotificationTodayExtension/Pods-GitHubNotificationTodayExtension.release.xcconfig"; sourceTree = "<group>"; };
		D7EBDB8F4975D86C56C0EAE0 /* Pods-GitHubNotifications.release.xcconfig */ = {isa = PBXFileReference; includeInIndex = 1; lastKnownFileType = text.xcconfig; name = "Pods-GitHubNotifications.release.xcconfig"; path = "Pods/Target Support Files/Pods-GitHubNotifications/Pods-GitHubNotifications.release.xcconfig"; sourceTree = "<group>"; };
		D93FF3531289177A27CA3070 /* Pods-GitHubNotificationTodayExtension.debug.xcconfig */ = {isa = PBXFileReference; includeInIndex = 1; lastKnownFileType = text.xcconfig; name = "Pods-GitHubNotificationTodayExtension.debug.xcconfig"; path = "Pods/Target Support Files/Pods-GitHubNotificationTodayExtension/Pods-GitHubNotificationTodayExtension.debug.xcconfig"; sourceTree = "<group>"; };
/* End PBXFileReference section */

/* Begin PBXFrameworksBuildPhase section */
		507666F11DE88FFC004291F8 /* Frameworks */ = {
			isa = PBXFrameworksBuildPhase;
			buildActionMask = 2147483647;
			files = (
				507501671DEC5FC0000636F1 /* UserNotifications.framework in Frameworks */,
				44BB6B30770C8D41144FCB9E /* libPods-GitHubNotifications.a in Frameworks */,
			);
			runOnlyForDeploymentPostprocessing = 0;
		};
		50D7C8E81DE920A800927FB9 /* Frameworks */ = {
			isa = PBXFrameworksBuildPhase;
			buildActionMask = 2147483647;
			files = (
				507501681DEC6B6C000636F1 /* UserNotifications.framework in Frameworks */,
				50D7C8ED1DE920A800927FB9 /* NotificationCenter.framework in Frameworks */,
				7BB1ECB1C1F34380DB65FE0C /* libPods-GitHubNotificationTodayExtension.a in Frameworks */,
			);
			runOnlyForDeploymentPostprocessing = 0;
		};
/* End PBXFrameworksBuildPhase section */

/* Begin PBXGroup section */
		5027B4671DE931DE00AE7D03 /* Service */ = {
			isa = PBXGroup;
			children = (
				5027B4681DE9322300AE7D03 /* SCFollowerAndStarManager.h */,
				5027B4691DE9322300AE7D03 /* SCFollowerAndStarManager.m */,
			);
			name = Service;
			sourceTree = "<group>";
		};
		5027B4701DE9854F00AE7D03 /* Network */ = {
			isa = PBXGroup;
			children = (
				5027B4711DE9856C00AE7D03 /* SCNetworkManager.h */,
				5027B4721DE9856C00AE7D03 /* SCNetworkManager.m */,
			);
			name = Network;
			sourceTree = "<group>";
		};
		5027B4751DE9C80000AE7D03 /* Service */ = {
			isa = PBXGroup;
			children = (
				5027B4761DE9C80600AE7D03 /* GitHubAuth */,
			);
			name = Service;
			sourceTree = "<group>";
		};
		5027B4761DE9C80600AE7D03 /* GitHubAuth */ = {
			isa = PBXGroup;
			children = (
				5027B4831DE9C84400AE7D03 /* Defines.h */,
				5027B4771DE9C82300AE7D03 /* GithubAuthController.h */,
				5027B4781DE9C82300AE7D03 /* GithubAuthController.m */,
				5027B4791DE9C82300AE7D03 /* GithubAuthenticatorView.h */,
				5027B47A1DE9C82300AE7D03 /* GithubAuthenticatorView.m */,
				5027B47B1DE9C82300AE7D03 /* NSDictionary+UrlEncoding.h */,
				5027B47C1DE9C82300AE7D03 /* NSDictionary+UrlEncoding.m */,
			);
			name = GitHubAuth;
			sourceTree = "<group>";
		};
		5075016A1DED4CC8000636F1 /* Views */ = {
			isa = PBXGroup;
			children = (
				5075016B1DED4CDD000636F1 /* SCHelpView.h */,
				5075016C1DED4CDD000636F1 /* SCHelpView.m */,
			);
			name = Views;
			sourceTree = "<group>";
		};
		507666EB1DE88FFC004291F8 = {
			isa = PBXGroup;
			children = (
				507666F61DE88FFC004291F8 /* GitHubNotifications */,
				50D7C8EE1DE920A800927FB9 /* GitHubNotificationTodayExtension */,
				507666F51DE88FFC004291F8 /* Products */,
				5BA9ADA1E5816D378B3352DA /* Pods */,
				95EE2CA3C2AE3EF787E4F25C /* Frameworks */,
			);
			sourceTree = "<group>";
		};
		507666F51DE88FFC004291F8 /* Products */ = {
			isa = PBXGroup;
			children = (
				507666F41DE88FFC004291F8 /* GitHubNotifications.app */,
				50D7C8EB1DE920A800927FB9 /* GitHubNotificationTodayExtension.appex */,
			);
			name = Products;
			sourceTree = "<group>";
		};
		507666F61DE88FFC004291F8 /* GitHubNotifications */ = {
			isa = PBXGroup;
			children = (
				5027B4891DEA757400AE7D03 /* GitHubNotifications.entitlements */,
				5075016A1DED4CC8000636F1 /* Views */,
				5027B4751DE9C80000AE7D03 /* Service */,
				50BEB9A71DE898E6005A06B8 /* Utils */,
				50BEB9A01DE89287005A06B8 /* ViewControllers */,
				507666FA1DE88FFC004291F8 /* AppDelegate.h */,
				507666FB1DE88FFC004291F8 /* AppDelegate.m */,
				507667001DE88FFC004291F8 /* Main.storyboard */,
				507667031DE88FFC004291F8 /* Assets.xcassets */,
				507667051DE88FFC004291F8 /* LaunchScreen.storyboard */,
				507667081DE88FFC004291F8 /* Info.plist */,
				507666F71DE88FFC004291F8 /* Supporting Files */,
			);
			path = GitHubNotifications;
			sourceTree = "<group>";
		};
		507666F71DE88FFC004291F8 /* Supporting Files */ = {
			isa = PBXGroup;
			children = (
				507666F81DE88FFC004291F8 /* main.m */,
			);
			name = "Supporting Files";
			sourceTree = "<group>";
		};
		50BEB9A01DE89287005A06B8 /* ViewControllers */ = {
			isa = PBXGroup;
			children = (
				50BEB9A11DE892BB005A06B8 /* SCMainViewController.h */,
				50BEB9A21DE892BB005A06B8 /* SCMainViewController.m */,
			);
			name = ViewControllers;
			sourceTree = "<group>";
		};
		50BEB9A71DE898E6005A06B8 /* Utils */ = {
			isa = PBXGroup;
			children = (
				5027B4631DE927F500AE7D03 /* UIView+ViewFrameGeometry.m */,
				5027B4641DE927F500AE7D03 /* UIView+ViewFrameGeometry.h */,
				50BEB9A41DE898E0005A06B8 /* Reachability.h */,
				50BEB9A51DE898E0005A06B8 /* Reachability.m */,
				5027B4841DEA709A00AE7D03 /* SCDefaultsManager.h */,
				5027B4851DEA709A00AE7D03 /* SCDefaultsManager.m */,
			);
			name = Utils;
			sourceTree = "<group>";
		};
		50D7C8EE1DE920A800927FB9 /* GitHubNotificationTodayExtension */ = {
			isa = PBXGroup;
			children = (
				5027B4881DEA74E500AE7D03 /* GitHubNotificationTodayExtension.entitlements */,
				5027B4701DE9854F00AE7D03 /* Network */,
				5027B4671DE931DE00AE7D03 /* Service */,
				50D7C9011DE922F400927FB9 /* Models */,
				50D7C8FD1DE9222200927FB9 /* Views */,
				50D7C8EF1DE920A800927FB9 /* TodayViewController.h */,
				50D7C8F01DE920A800927FB9 /* TodayViewController.m */,
				50D7C8F21DE920A800927FB9 /* MainInterface.storyboard */,
				50D7C8F51DE920A800927FB9 /* Info.plist */,
			);
			path = GitHubNotificationTodayExtension;
			sourceTree = "<group>";
		};
		50D7C8FD1DE9222200927FB9 /* Views */ = {
			isa = PBXGroup;
			children = (
				50D7C8FE1DE922A000927FB9 /* SCGraphView.h */,
				50D7C8FF1DE922A000927FB9 /* SCGraphView.m */,
				50D7C9021DE9230600927FB9 /* SCItemView.h */,
				50D7C9031DE9230600927FB9 /* SCItemView.m */,
				5027B46C1DE9854000AE7D03 /* SCStarGraphView.h */,
				5027B46D1DE9854000AE7D03 /* SCStarGraphView.m */,
			);
			name = Views;
			sourceTree = "<group>";
		};
		50D7C9011DE922F400927FB9 /* Models */ = {
			isa = PBXGroup;
			children = (
				5027B48A1DEACC5D00AE7D03 /* SCStar.h */,
				5027B48B1DEACC5D00AE7D03 /* SCStar.m */,
				5027B48E1DEACC6D00AE7D03 /* SCFollower.h */,
				5027B48F1DEACC6D00AE7D03 /* SCFollower.m */,
			);
			name = Models;
			sourceTree = "<group>";
		};
		5BA9ADA1E5816D378B3352DA /* Pods */ = {
			isa = PBXGroup;
			children = (
				D93FF3531289177A27CA3070 /* Pods-GitHubNotificationTodayExtension.debug.xcconfig */,
				CD99934346C3A35480DFFB1A /* Pods-GitHubNotificationTodayExtension.release.xcconfig */,
				67771657903971DE2A1A9D3F /* Pods-GitHubNotifications.debug.xcconfig */,
				D7EBDB8F4975D86C56C0EAE0 /* Pods-GitHubNotifications.release.xcconfig */,
			);
			name = Pods;
			sourceTree = "<group>";
		};
		95EE2CA3C2AE3EF787E4F25C /* Frameworks */ = {
			isa = PBXGroup;
			children = (
				507501661DEC5FC0000636F1 /* UserNotifications.framework */,
				8C4FCAF87D505E39DFBDB460 /* libPods-GitHubNotifications.a */,
				50D7C8EC1DE920A800927FB9 /* NotificationCenter.framework */,
				B066974D1D1B95A12C59CDF8 /* libPods-GitHubNotificationTodayExtension.a */,
			);
			name = Frameworks;
			sourceTree = "<group>";
		};
/* End PBXGroup section */

/* Begin PBXNativeTarget section */
		507666F31DE88FFC004291F8 /* GitHubNotifications */ = {
			isa = PBXNativeTarget;
			buildConfigurationList = 5076670B1DE88FFC004291F8 /* Build configuration list for PBXNativeTarget "GitHubNotifications" */;
			buildPhases = (
				79A7173C7A659FED6021D641 /* [CP] Check Pods Manifest.lock */,
				507666F01DE88FFC004291F8 /* Sources */,
				507666F11DE88FFC004291F8 /* Frameworks */,
				507666F21DE88FFC004291F8 /* Resources */,
				50D7C8FC1DE920A800927FB9 /* Embed App Extensions */,
				D23892C45305E881581BD335 /* [CP] Embed Pods Frameworks */,
				5344F485ABEA212A4E6C4AEA /* [CP] Copy Pods Resources */,
				507501691DEC8AD6000636F1 /* ShellScript */,
			);
			buildRules = (
			);
			dependencies = (
				50D7C8F71DE920A800927FB9 /* PBXTargetDependency */,
			);
			name = GitHubNotifications;
			productName = GitHubNotifications;
			productReference = 507666F41DE88FFC004291F8 /* GitHubNotifications.app */;
			productType = "com.apple.product-type.application";
		};
		50D7C8EA1DE920A800927FB9 /* GitHubNotificationTodayExtension */ = {
			isa = PBXNativeTarget;
			buildConfigurationList = 50D7C8F91DE920A800927FB9 /* Build configuration list for PBXNativeTarget "GitHubNotificationTodayExtension" */;
			buildPhases = (
				C6B04986DE96FFA6BE1C690F /* [CP] Check Pods Manifest.lock */,
				50D7C8E71DE920A800927FB9 /* Sources */,
				50D7C8E81DE920A800927FB9 /* Frameworks */,
				50D7C8E91DE920A800927FB9 /* Resources */,
				4F412659DFB57D513238D622 /* [CP] Copy Pods Resources */,
			);
			buildRules = (
			);
			dependencies = (
			);
			name = GitHubNotificationTodayExtension;
			productName = GitHubNotificationTodayExtension;
			productReference = 50D7C8EB1DE920A800927FB9 /* GitHubNotificationTodayExtension.appex */;
			productType = "com.apple.product-type.app-extension";
		};
/* End PBXNativeTarget section */

/* Begin PBXProject section */
		507666EC1DE88FFC004291F8 /* Project object */ = {
			isa = PBXProject;
			attributes = {
				LastUpgradeCheck = 0810;
				ORGANIZATIONNAME = "叔 陈";
				TargetAttributes = {
					507666F31DE88FFC004291F8 = {
						CreatedOnToolsVersion = 8.1;
						DevelopmentTeam = Q8H99663FH;
						ProvisioningStyle = Automatic;
						SystemCapabilities = {
							com.apple.ApplicationGroups.iOS = {
								enabled = 1;
							};
							com.apple.BackgroundModes = {
								enabled = 1;
							};
							com.apple.Push = {
								enabled = 1;
							};
						};
					};
					50D7C8EA1DE920A800927FB9 = {
						CreatedOnToolsVersion = 8.1;
						DevelopmentTeam = Q8H99663FH;
						ProvisioningStyle = Automatic;
						SystemCapabilities = {
							com.apple.ApplicationGroups.iOS = {
								enabled = 1;
							};
						};
					};
				};
			};
			buildConfigurationList = 507666EF1DE88FFC004291F8 /* Build configuration list for PBXProject "GitHubNotifications" */;
			compatibilityVersion = "Xcode 3.2";
			developmentRegion = English;
			hasScannedForEncodings = 0;
			knownRegions = (
				en,
				Base,
			);
			mainGroup = 507666EB1DE88FFC004291F8;
			productRefGroup = 507666F51DE88FFC004291F8 /* Products */;
			projectDirPath = "";
			projectRoot = "";
			targets = (
				507666F31DE88FFC004291F8 /* GitHubNotifications */,
				50D7C8EA1DE920A800927FB9 /* GitHubNotificationTodayExtension */,
			);
		};
/* End PBXProject section */

/* Begin PBXResourcesBuildPhase section */
		507666F21DE88FFC004291F8 /* Resources */ = {
			isa = PBXResourcesBuildPhase;
			buildActionMask = 2147483647;
			files = (
				507667071DE88FFC004291F8 /* LaunchScreen.storyboard in Resources */,
				507667041DE88FFC004291F8 /* Assets.xcassets in Resources */,
				507667021DE88FFC004291F8 /* Main.storyboard in Resources */,
			);
			runOnlyForDeploymentPostprocessing = 0;
		};
		50D7C8E91DE920A800927FB9 /* Resources */ = {
			isa = PBXResourcesBuildPhase;
			buildActionMask = 2147483647;
			files = (
				50D7C8F41DE920A800927FB9 /* MainInterface.storyboard in Resources */,
			);
			runOnlyForDeploymentPostprocessing = 0;
		};
/* End PBXResourcesBuildPhase section */

/* Begin PBXShellScriptBuildPhase section */
		4F412659DFB57D513238D622 /* [CP] Copy Pods Resources */ = {
			isa = PBXShellScriptBuildPhase;
			buildActionMask = 2147483647;
			files = (
			);
			inputPaths = (
			);
			name = "[CP] Copy Pods Resources";
			outputPaths = (
			);
			runOnlyForDeploymentPostprocessing = 0;
			shellPath = /bin/sh;
			shellScript = "\"${SRCROOT}/Pods/Target Support Files/Pods-GitHubNotificationTodayExtension/Pods-GitHubNotificationTodayExtension-resources.sh\"\n";
			showEnvVarsInLog = 0;
		};
		507501691DEC8AD6000636F1 /* ShellScript */ = {
			isa = PBXShellScriptBuildPhase;
			buildActionMask = 2147483647;
			files = (
			);
			inputPaths = (
			);
			outputPaths = (
			);
			runOnlyForDeploymentPostprocessing = 0;
			shellPath = /bin/sh;
			shellScript = "\"${PODS_ROOT}/Fabric/run\" d620e3194f3924678af613e7c766a8e58d773e83 d2b4f5d20cbc22ef1c56fed2681d26c57790fda8a3796ec52dc41438f4df1953";
		};
		5344F485ABEA212A4E6C4AEA /* [CP] Copy Pods Resources */ = {
			isa = PBXShellScriptBuildPhase;
			buildActionMask = 2147483647;
			files = (
			);
			inputPaths = (
			);
			name = "[CP] Copy Pods Resources";
			outputPaths = (
			);
			runOnlyForDeploymentPostprocessing = 0;
			shellPath = /bin/sh;
			shellScript = "\"${SRCROOT}/Pods/Target Support Files/Pods-GitHubNotifications/Pods-GitHubNotifications-resources.sh\"\n";
			showEnvVarsInLog = 0;
		};
		79A7173C7A659FED6021D641 /* [CP] Check Pods Manifest.lock */ = {
			isa = PBXShellScriptBuildPhase;
			buildActionMask = 2147483647;
			files = (
			);
			inputPaths = (
			);
			name = "[CP] Check Pods Manifest.lock";
			outputPaths = (
			);
			runOnlyForDeploymentPostprocessing = 0;
			shellPath = /bin/sh;
			shellScript = "diff \"${PODS_ROOT}/../Podfile.lock\" \"${PODS_ROOT}/Manifest.lock\" > /dev/null\nif [ $? != 0 ] ; then\n    # print error to STDERR\n    echo \"error: The sandbox is not in sync with the Podfile.lock. Run 'pod install' or update your CocoaPods installation.\" >&2\n    exit 1\nfi\n";
			showEnvVarsInLog = 0;
		};
		C6B04986DE96FFA6BE1C690F /* [CP] Check Pods Manifest.lock */ = {
			isa = PBXShellScriptBuildPhase;
			buildActionMask = 2147483647;
			files = (
			);
			inputPaths = (
			);
			name = "[CP] Check Pods Manifest.lock";
			outputPaths = (
			);
			runOnlyForDeploymentPostprocessing = 0;
			shellPath = /bin/sh;
			shellScript = "diff \"${PODS_ROOT}/../Podfile.lock\" \"${PODS_ROOT}/Manifest.lock\" > /dev/null\nif [ $? != 0 ] ; then\n    # print error to STDERR\n    echo \"error: The sandbox is not in sync with the Podfile.lock. Run 'pod install' or update your CocoaPods installation.\" >&2\n    exit 1\nfi\n";
			showEnvVarsInLog = 0;
		};
		D23892C45305E881581BD335 /* [CP] Embed Pods Frameworks */ = {
			isa = PBXShellScriptBuildPhase;
			buildActionMask = 2147483647;
			files = (
			);
			inputPaths = (
			);
			name = "[CP] Embed Pods Frameworks";
			outputPaths = (
			);
			runOnlyForDeploymentPostprocessing = 0;
			shellPath = /bin/sh;
			shellScript = "\"${SRCROOT}/Pods/Target Support Files/Pods-GitHubNotifications/Pods-GitHubNotifications-frameworks.sh\"\n";
			showEnvVarsInLog = 0;
		};
/* End PBXShellScriptBuildPhase section */

/* Begin PBXSourcesBuildPhase section */
		507666F01DE88FFC004291F8 /* Sources */ = {
			isa = PBXSourcesBuildPhase;
			buildActionMask = 2147483647;
			files = (
				5027B47D1DE9C82300AE7D03 /* GithubAuthController.m in Sources */,
				5027B4731DE9856C00AE7D03 /* SCNetworkManager.m in Sources */,
				5027B47F1DE9C82300AE7D03 /* NSDictionary+UrlEncoding.m in Sources */,
				5027B4861DEA709A00AE7D03 /* SCDefaultsManager.m in Sources */,
				5027B46E1DE9854000AE7D03 /* SCStarGraphView.m in Sources */,
				5027B4901DEACC6D00AE7D03 /* SCFollower.m in Sources */,
				5027B47E1DE9C82300AE7D03 /* GithubAuthenticatorView.m in Sources */,
				5027B48C1DEACC5D00AE7D03 /* SCStar.m in Sources */,
				507666FC1DE88FFC004291F8 /* AppDelegate.m in Sources */,
				5075016D1DED4CDD000636F1 /* SCHelpView.m in Sources */,
				507666F91DE88FFC004291F8 /* main.m in Sources */,
				50BEB9A61DE898E0005A06B8 /* Reachability.m in Sources */,
				50BEB9A31DE892BB005A06B8 /* SCMainViewController.m in Sources */,
				5027B4651DE927F500AE7D03 /* UIView+ViewFrameGeometry.m in Sources */,
				5027B46A1DE9322300AE7D03 /* SCFollowerAndStarManager.m in Sources */,
			);
			runOnlyForDeploymentPostprocessing = 0;
		};
		50D7C8E71DE920A800927FB9 /* Sources */ = {
			isa = PBXSourcesBuildPhase;
			buildActionMask = 2147483647;
			files = (
				5027B48D1DEACC5D00AE7D03 /* SCStar.m in Sources */,
				5027B4871DEA712600AE7D03 /* SCDefaultsManager.m in Sources */,
				50D7C8F11DE920A800927FB9 /* TodayViewController.m in Sources */,
				50D7C9001DE922A000927FB9 /* SCGraphView.m in Sources */,
				5027B46B1DE9322300AE7D03 /* SCFollowerAndStarManager.m in Sources */,
				5027B46F1DE9854000AE7D03 /* SCStarGraphView.m in Sources */,
				50D7C9041DE9230600927FB9 /* SCItemView.m in Sources */,
				5027B4661DE927F500AE7D03 /* UIView+ViewFrameGeometry.m in Sources */,
				5027B4741DE9856C00AE7D03 /* SCNetworkManager.m in Sources */,
				5027B4911DEACC6D00AE7D03 /* SCFollower.m in Sources */,
			);
			runOnlyForDeploymentPostprocessing = 0;
		};
/* End PBXSourcesBuildPhase section */

/* Begin PBXTargetDependency section */
		50D7C8F71DE920A800927FB9 /* PBXTargetDependency */ = {
			isa = PBXTargetDependency;
			target = 50D7C8EA1DE920A800927FB9 /* GitHubNotificationTodayExtension */;
			targetProxy = 50D7C8F61DE920A800927FB9 /* PBXContainerItemProxy */;
		};
/* End PBXTargetDependency section */

/* Begin PBXVariantGroup section */
		507667001DE88FFC004291F8 /* Main.storyboard */ = {
			isa = PBXVariantGroup;
			children = (
				507667011DE88FFC004291F8 /* Base */,
			);
			name = Main.storyboard;
			sourceTree = "<group>";
		};
		507667051DE88FFC004291F8 /* LaunchScreen.storyboard */ = {
			isa = PBXVariantGroup;
			children = (
				507667061DE88FFC004291F8 /* Base */,
			);
			name = LaunchScreen.storyboard;
			sourceTree = "<group>";
		};
		50D7C8F21DE920A800927FB9 /* MainInterface.storyboard */ = {
			isa = PBXVariantGroup;
			children = (
				50D7C8F31DE920A800927FB9 /* Base */,
			);
			name = MainInterface.storyboard;
			sourceTree = "<group>";
		};
/* End PBXVariantGroup section */

/* Begin XCBuildConfiguration section */
		507667091DE88FFC004291F8 /* Debug */ = {
			isa = XCBuildConfiguration;
			buildSettings = {
				ALWAYS_SEARCH_USER_PATHS = NO;
				CLANG_ANALYZER_NONNULL = YES;
				CLANG_CXX_LANGUAGE_STANDARD = "gnu++0x";
				CLANG_CXX_LIBRARY = "libc++";
				CLANG_ENABLE_MODULES = YES;
				CLANG_ENABLE_OBJC_ARC = YES;
				CLANG_WARN_BOOL_CONVERSION = YES;
				CLANG_WARN_CONSTANT_CONVERSION = YES;
				CLANG_WARN_DIRECT_OBJC_ISA_USAGE = YES_ERROR;
				CLANG_WARN_DOCUMENTATION_COMMENTS = YES;
				CLANG_WARN_EMPTY_BODY = YES;
				CLANG_WARN_ENUM_CONVERSION = YES;
				CLANG_WARN_INFINITE_RECURSION = YES;
				CLANG_WARN_INT_CONVERSION = YES;
				CLANG_WARN_OBJC_ROOT_CLASS = YES_ERROR;
				CLANG_WARN_SUSPICIOUS_MOVES = YES;
				CLANG_WARN_UNREACHABLE_CODE = YES;
				CLANG_WARN__DUPLICATE_METHOD_MATCH = YES;
				"CODE_SIGN_IDENTITY[sdk=iphoneos*]" = "iPhone Developer";
				COPY_PHASE_STRIP = NO;
				DEBUG_INFORMATION_FORMAT = dwarf;
				ENABLE_STRICT_OBJC_MSGSEND = YES;
				ENABLE_TESTABILITY = YES;
				GCC_C_LANGUAGE_STANDARD = gnu99;
				GCC_DYNAMIC_NO_PIC = NO;
				GCC_NO_COMMON_BLOCKS = YES;
				GCC_OPTIMIZATION_LEVEL = 0;
				GCC_PREPROCESSOR_DEFINITIONS = (
					"DEBUG=1",
					"$(inherited)",
				);
				GCC_WARN_64_TO_32_BIT_CONVERSION = YES;
				GCC_WARN_ABOUT_RETURN_TYPE = YES_ERROR;
				GCC_WARN_UNDECLARED_SELECTOR = YES;
				GCC_WARN_UNINITIALIZED_AUTOS = YES_AGGRESSIVE;
				GCC_WARN_UNUSED_FUNCTION = YES;
				GCC_WARN_UNUSED_VARIABLE = YES;
				IPHONEOS_DEPLOYMENT_TARGET = 10.1;
				MTL_ENABLE_DEBUG_INFO = YES;
				ONLY_ACTIVE_ARCH = YES;
				SDKROOT = iphoneos;
			};
			name = Debug;
		};
		5076670A1DE88FFC004291F8 /* Release */ = {
			isa = XCBuildConfiguration;
			buildSettings = {
				ALWAYS_SEARCH_USER_PATHS = NO;
				CLANG_ANALYZER_NONNULL = YES;
				CLANG_CXX_LANGUAGE_STANDARD = "gnu++0x";
				CLANG_CXX_LIBRARY = "libc++";
				CLANG_ENABLE_MODULES = YES;
				CLANG_ENABLE_OBJC_ARC = YES;
				CLANG_WARN_BOOL_CONVERSION = YES;
				CLANG_WARN_CONSTANT_CONVERSION = YES;
				CLANG_WARN_DIRECT_OBJC_ISA_USAGE = YES_ERROR;
				CLANG_WARN_DOCUMENTATION_COMMENTS = YES;
				CLANG_WARN_EMPTY_BODY = YES;
				CLANG_WARN_ENUM_CONVERSION = YES;
				CLANG_WARN_INFINITE_RECURSION = YES;
				CLANG_WARN_INT_CONVERSION = YES;
				CLANG_WARN_OBJC_ROOT_CLASS = YES_ERROR;
				CLANG_WARN_SUSPICIOUS_MOVES = YES;
				CLANG_WARN_UNREACHABLE_CODE = YES;
				CLANG_WARN__DUPLICATE_METHOD_MATCH = YES;
				"CODE_SIGN_IDENTITY[sdk=iphoneos*]" = "iPhone Developer";
				COPY_PHASE_STRIP = NO;
				DEBUG_INFORMATION_FORMAT = "dwarf-with-dsym";
				ENABLE_NS_ASSERTIONS = NO;
				ENABLE_STRICT_OBJC_MSGSEND = YES;
				GCC_C_LANGUAGE_STANDARD = gnu99;
				GCC_NO_COMMON_BLOCKS = YES;
				GCC_WARN_64_TO_32_BIT_CONVERSION = YES;
				GCC_WARN_ABOUT_RETURN_TYPE = YES_ERROR;
				GCC_WARN_UNDECLARED_SELECTOR = YES;
				GCC_WARN_UNINITIALIZED_AUTOS = YES_AGGRESSIVE;
				GCC_WARN_UNUSED_FUNCTION = YES;
				GCC_WARN_UNUSED_VARIABLE = YES;
				IPHONEOS_DEPLOYMENT_TARGET = 10.1;
				MTL_ENABLE_DEBUG_INFO = NO;
				SDKROOT = iphoneos;
				VALIDATE_PRODUCT = YES;
			};
			name = Release;
		};
		5076670C1DE88FFC004291F8 /* Debug */ = {
			isa = XCBuildConfiguration;
			baseConfigurationReference = 67771657903971DE2A1A9D3F /* Pods-GitHubNotifications.debug.xcconfig */;
			buildSettings = {
				ASSETCATALOG_COMPILER_APPICON_NAME = AppIcon;
				CODE_SIGN_ENTITLEMENTS = GitHubNotifications/GitHubNotifications.entitlements;
				DEVELOPMENT_TEAM = Q8H99663FH;
				INFOPLIST_FILE = GitHubNotifications/Info.plist;
				IPHONEOS_DEPLOYMENT_TARGET = 10.0;
				LD_RUNPATH_SEARCH_PATHS = "$(inherited) @executable_path/Frameworks";
				PRODUCT_BUNDLE_IDENTIFIER = sergio.chan.GitHubNotifications;
				PRODUCT_NAME = "$(TARGET_NAME)";
			};
			name = Debug;
		};
		5076670D1DE88FFC004291F8 /* Release */ = {
			isa = XCBuildConfiguration;
			baseConfigurationReference = D7EBDB8F4975D86C56C0EAE0 /* Pods-GitHubNotifications.release.xcconfig */;
			buildSettings = {
				ASSETCATALOG_COMPILER_APPICON_NAME = AppIcon;
				CODE_SIGN_ENTITLEMENTS = GitHubNotifications/GitHubNotifications.entitlements;
				DEVELOPMENT_TEAM = Q8H99663FH;
				INFOPLIST_FILE = GitHubNotifications/Info.plist;
				IPHONEOS_DEPLOYMENT_TARGET = 10.0;
				LD_RUNPATH_SEARCH_PATHS = "$(inherited) @executable_path/Frameworks";
				PRODUCT_BUNDLE_IDENTIFIER = sergio.chan.GitHubNotifications;
				PRODUCT_NAME = "$(TARGET_NAME)";
			};
			name = Release;
		};
		50D7C8FA1DE920A800927FB9 /* Debug */ = {
			isa = XCBuildConfiguration;
			baseConfigurationReference = D93FF3531289177A27CA3070 /* Pods-GitHubNotificationTodayExtension.debug.xcconfig */;
			buildSettings = {
				CODE_SIGN_ENTITLEMENTS = GitHubNotificationTodayExtension/GitHubNotificationTodayExtension.entitlements;
				DEVELOPMENT_TEAM = Q8H99663FH;
				INFOPLIST_FILE = GitHubNotificationTodayExtension/Info.plist;
				IPHONEOS_DEPLOYMENT_TARGET = 10.0;
				LD_RUNPATH_SEARCH_PATHS = "$(inherited) @executable_path/Frameworks @executable_path/../../Frameworks";
				PRODUCT_BUNDLE_IDENTIFIER = sergio.chan.GitHubNotifications.GitHubNotificationTodayExtension;
				PRODUCT_NAME = "$(TARGET_NAME)";
				SKIP_INSTALL = YES;
			};
			name = Debug;
		};
		50D7C8FB1DE920A800927FB9 /* Release */ = {
			isa = XCBuildConfiguration;
			baseConfigurationReference = CD99934346C3A35480DFFB1A /* Pods-GitHubNotificationTodayExtension.release.xcconfig */;
			buildSettings = {
				CODE_SIGN_ENTITLEMENTS = GitHubNotificationTodayExtension/GitHubNotificationTodayExtension.entitlements;
				DEVELOPMENT_TEAM = Q8H99663FH;
				INFOPLIST_FILE = GitHubNotificationTodayExtension/Info.plist;
				IPHONEOS_DEPLOYMENT_TARGET = 10.0;
				LD_RUNPATH_SEARCH_PATHS = "$(inherited) @executable_path/Frameworks @executable_path/../../Frameworks";
				PRODUCT_BUNDLE_IDENTIFIER = sergio.chan.GitHubNotifications.GitHubNotificationTodayExtension;
				PRODUCT_NAME = "$(TARGET_NAME)";
				SKIP_INSTALL = YES;
			};
			name = Release;
		};
/* End XCBuildConfiguration section */

/* Begin XCConfigurationList section */
		507666EF1DE88FFC004291F8 /* Build configuration list for PBXProject "GitHubNotifications" */ = {
			isa = XCConfigurationList;
			buildConfigurations = (
				507667091DE88FFC004291F8 /* Debug */,
				5076670A1DE88FFC004291F8 /* Release */,
			);
			defaultConfigurationIsVisible = 0;
			defaultConfigurationName = Release;
		};
		5076670B1DE88FFC004291F8 /* Build configuration list for PBXNativeTarget "GitHubNotifications" */ = {
			isa = XCConfigurationList;
			buildConfigurations = (
				5076670C1DE88FFC004291F8 /* Debug */,
				5076670D1DE88FFC004291F8 /* Release */,
			);
			defaultConfigurationIsVisible = 0;
			defaultConfigurationName = Release;
		};
		50D7C8F91DE920A800927FB9 /* Build configuration list for PBXNativeTarget "GitHubNotificationTodayExtension" */ = {
			isa = XCConfigurationList;
			buildConfigurations = (
				50D7C8FA1DE920A800927FB9 /* Debug */,
				50D7C8FB1DE920A800927FB9 /* Release */,
			);
			defaultConfigurationIsVisible = 0;
			defaultConfigurationName = Release;
		};
/* End XCConfigurationList section */
	};
	rootObject = 507666EC1DE88FFC004291F8 /* Project object */;
}
